<Solution>
  <Folder Name="/src/">
    <Project Path="src/Khipu.Core/Khipu.Core.csproj" />
    <Project Path="src/Khipu.Data/Khipu.Data.csproj" />
    <Project Path="src/Khipu.Validator/Khipu.Validator.csproj" />
    <Project Path="src/Khipu.Ws/Khipu.Ws.csproj" />
    <Project Path="src/Khipu.Xml/Khipu.Xml.csproj" />
  </Folder>
</Solution>
